
Microsoft Visual Studio Solution File, Format Version 12.00
# Visual Studio 15
VisualStudioVersion = 15.0.27130.2020
MinimumVisualStudioVersion = 10.0.40219.1
Project("{FAE04EC0-301F-11D3-BF4B-00C04F79EFBC}") = "VirtualPet", "VirtualPet\VirtualPet.csproj", "{8FEC09E1-A2F2-459D-B3C0-1220067589CB}"
EndProject
Global
	GlobalSection(SolutionConfigurationPlatforms) = preSolution
		Debug|Any CPU = Debug|Any CPU
		Release|Any CPU = Release|Any CPU
	EndGlobalSection
	GlobalSection(ProjectConfigurationPlatforms) = postSolution
		{8FEC09E1-A2F2-459D-B3C0-1220067589CB}.Debug|Any CPU.ActiveCfg = Debug|Any CPU
		{8FEC09E1-A2F2-459D-B3C0-1220067589CB}.Debug|Any CPU.Build.0 = Debug|Any CPU
		{8FEC09E1-A2F2-459D-B3C0-1220067589CB}.Release|Any CPU.ActiveCfg = Release|Any CPU
		{8FEC09E1-A2F2-459D-B3C0-1220067589CB}.Release|Any CPU.Build.0 = Release|Any CPU
	EndGlobalSection
	GlobalSection(SolutionProperties) = preSolution
		HideSolutionNode = FALSE
	EndGlobalSection
	GlobalSection(ExtensibilityGlobals) = postSolution
		SolutionGuid = {D76B5E96-85C8-4FCB-B998-938DF0A792F2}
	EndGlobalSection
EndGlobal
